github.com/faiface/glhf v0.0.0-20211013000516-57b20770c369 h1:gv4BgP50atccdK/1tZHDyP6rMwiiutR2HPreR/OyLzI=
github.com/faiface/glhf v0.0.0-20211013000516-57b20770c369/go.mod h1:dDdUO+G9ZnJ9sc8nIUvhLkE45k8PEKW6+A3TdWsfpV0=
github.com/faiface/mainthread v0.0.0-20171120011319-8b78f0a41ae3 h1:baVdMKlASEHrj19iqjARrPbaRisD7EuZEVJj6ZMLl1Q=
github.com/faiface/mainthread v0.0.0-20171120011319-8b78f0a41ae3/go.mod h1:VEPNJUlxl5KdWjDvz6Q1l+rJlxF2i6xqDeGuGAxa87M=
github.com/go-gl/gl v0.0.0-20210905235341-f7a045908259/go.mod h1:wjpnOv6ONl2SuJSxqCPVaPZibGFdSci9HFocT9qtVYM=
github.com/go-gl/gl v0.0.0-20211210172815-726fda9656d6 h1:zDw5v7qm4yH7N8C8uWd+8Ii9rROdgWxQuGoJ9WDXxfk=
github.com/go-gl/gl v0.0.0-20211210172815-726fda9656d6/go.mod h1:9YTyiznxEY1fVinfM7RvRcjRHbw2xLBJ3AAGIT0I4Nw=
github.com/go-gl/glfw v0.0.0-20210727001814-0db043d8d5be/go.mod h1:vR7hzQXu2zJy9AVAgeJqvqgH9Q5CA+iKCZ2gyEVpxRU=
github.com/go-gl/glfw/v3.3/glfw v0.0.0-20220806181222-55e207c401ad h1:kX51IjbsJPCvzV9jUoVQG9GEUqIq5hjfYzXTqQ52Rh8=
github.com/go-gl/glfw/v3.3/glfw v0.0.0-20220806181222-55e207c401ad/go.mod h1:tQ2UAYgL5IevRw8kRxooKSPJfGvJ9fJQFa0TUsXzTg8=
github.com/go-gl/mathgl v1.0.0 h1:t9DznWJlXxxjeeKLIdovCOVJQk/GzDEL7h/h+Ro2B68=
github.com/go-gl/mathgl v1.0.0/go.mod h1:yhpkQzEiH9yPyxDUGzkmgScbaBVlhC06qodikEM0ZwQ=
github.com/pkg/errors v0.9.1 h1:FEBLx1zS214owpjy7qsBeixbURkuhQAwrK5UwLGTwt4=
github.com/pkg/errors v0.9.1/go.mod h1:bwawxfHBFNV+L2hUp1rHADufV3IMtnDRdf1r5NINEl0=
github.com/tadeuszjt/data v0.0.0-20221004125058-115b38c2f40e h1:nrs7W98L/yzvw8MRTfYSuXUYrpjK0NEihUQJgdKop40=
github.com/tadeuszjt/data v0.0.0-20221004125058-115b38c2f40e/go.mod h1:guBua/Dks0yADUydaHyrvM1splwfkasn2EvmuyaW/UE=
github.com/tadeuszjt/geom v0.0.0-20221018214511-72c73bf873ee h1:V5EeN0XYwyUbmQt4gLOCmROR+kr10fyi0MaxABqXyVk=
github.com/tadeuszjt/geom v0.0.0-20221018214511-72c73bf873ee/go.mod h1:320Q0rNzJlXOHStzQnuWdBvLvhvufan2Psyt+ou3T0Y=
golang.org/x/image v0.0.0-20190321063152-3fc05d484e9f h1:FO4MZ3N56GnxbqxGKqh+YTzUWQ2sDwtFQEZgLOxh9Jc=
golang.org/x/image v0.0.0-20190321063152-3fc05d484e9f/go.mod h1:kZ7UVZpmo3dzQBMxlp+ypCbDeSB+sBbTgSJuh5dn5js=
golang.org/x/text v0.3.0/go.mod h1:NqM8EUOU14njkJ3fqMW+pc6Ldnwhi/IjpwHt7yyuwOQ=
